# Generated by pub
# See http://pub.dartlang.org/doc/glossary.html#lockfile
packages:
  args:
    description: args
    source: hosted
    version: "0.5.20"
  character_parser:
    description: character_parser
    source: hosted
    version: "0.1.2"
  dartmixins:
    description: dartmixins
    source: hosted
    version: "0.0.3"
  jaded:
    description: jaded
    source: hosted
    version: "0.1.4"
  json_client:
    description: json_client
    source: hosted
    version: "0.1.2"
  meta:
    description: meta
    source: hosted
    version: "0.5.20"
  node_shims:
    description: node_shims
    source: hosted
    version: "0.1.1"
  unittest:
    description: unittest
    source: hosted
    version: "0.5.20"
