# Generated by pub
# See http://pub.dartlang.org/doc/glossary.html#lockfile
packages:
  dartmixins:
    description: dartmixins
    source: hosted
    version: "0.0.3"
  json_client:
    description: json_client
    source: hosted
    version: "0.1.2"
  meta:
    description: meta
    source: hosted
    version: "0.5.20"
  unittest:
    description: unittest
    source: hosted
    version: "0.5.20"
